
Microsoft Visual Studio Solution File, Format Version 12.00
# Visual Studio Version 17
VisualStudioVersion = 17.4.33122.133
MinimumVisualStudioVersion = 10.0.40219.1
Project("{FAE04EC0-301F-11D3-BF4B-00C04F79EFBC}") = "caUnit_10", "caUnit_10\caUnit_10.csproj", "{C7318CBF-5E40-4F80-B8E1-D72CF5446731}"
EndProject
Project("{FAE04EC0-301F-11D3-BF4B-00C04F79EFBC}") = "caUnit10Hw1-2", "caUnit10Hw1-2\caUnit10Hw1-2.csproj", "{3FDD3AB5-C2D6-41B1-B10B-56B2B430E28D}"
EndProject
Project("{FAE04EC0-301F-11D3-BF4B-00C04F79EFBC}") = "caUnit10Hw2_2", "caUnit10Hw2_2\caUnit10Hw2_2.csproj", "{1897F6E3-3A1A-4473-97BC-480AC5596BE0}"
EndProject
Global
	GlobalSection(SolutionConfigurationPlatforms) = preSolution
		Debug|Any CPU = Debug|Any CPU
		Release|Any CPU = Release|Any CPU
	EndGlobalSection
	GlobalSection(ProjectConfigurationPlatforms) = postSolution
		{C7318CBF-5E40-4F80-B8E1-D72CF5446731}.Debug|Any CPU.ActiveCfg = Debug|Any CPU
		{C7318CBF-5E40-4F80-B8E1-D72CF5446731}.Debug|Any CPU.Build.0 = Debug|Any CPU
		{C7318CBF-5E40-4F80-B8E1-D72CF5446731}.Release|Any CPU.ActiveCfg = Release|Any CPU
		{C7318CBF-5E40-4F80-B8E1-D72CF5446731}.Release|Any CPU.Build.0 = Release|Any CPU
		{3FDD3AB5-C2D6-41B1-B10B-56B2B430E28D}.Debug|Any CPU.ActiveCfg = Debug|Any CPU
		{3FDD3AB5-C2D6-41B1-B10B-56B2B430E28D}.Debug|Any CPU.Build.0 = Debug|Any CPU
		{3FDD3AB5-C2D6-41B1-B10B-56B2B430E28D}.Release|Any CPU.ActiveCfg = Release|Any CPU
		{3FDD3AB5-C2D6-41B1-B10B-56B2B430E28D}.Release|Any CPU.Build.0 = Release|Any CPU
		{1897F6E3-3A1A-4473-97BC-480AC5596BE0}.Debug|Any CPU.ActiveCfg = Debug|Any CPU
		{1897F6E3-3A1A-4473-97BC-480AC5596BE0}.Debug|Any CPU.Build.0 = Debug|Any CPU
		{1897F6E3-3A1A-4473-97BC-480AC5596BE0}.Release|Any CPU.ActiveCfg = Release|Any CPU
		{1897F6E3-3A1A-4473-97BC-480AC5596BE0}.Release|Any CPU.Build.0 = Release|Any CPU
	EndGlobalSection
	GlobalSection(SolutionProperties) = preSolution
		HideSolutionNode = FALSE
	EndGlobalSection
	GlobalSection(ExtensibilityGlobals) = postSolution
		SolutionGuid = {324DBA21-3F6F-48A7-987D-88FE79F10B5D}
	EndGlobalSection
EndGlobal
